// !$*UTF8*$!
{
	archiveVersion = 1;
	classes = {
	};
	objectVersion = 56;
	objects = {

/* Begin PBXBuildFile section */
		1CCFB20C290F4E8F00C76F86 /* AppDelegate.swift in Sources */ = {isa = PBXBuildFile; fileRef = 1CCFB20B290F4E8F00C76F86 /* AppDelegate.swift */; };
		1CCFB20E290F4E8F00C76F86 /* SceneDelegate.swift in Sources */ = {isa = PBXBuildFile; fileRef = 1CCFB20D290F4E8F00C76F86 /* SceneDelegate.swift */; };
		1CCFB210290F4E8F00C76F86 /* ViewController.swift in Sources */ = {isa = PBXBuildFile; fileRef = 1CCFB20F290F4E8F00C76F86 /* ViewController.swift */; };
		1CCFB213290F4E8F00C76F86 /* Main.storyboard in Resources */ = {isa = PBXBuildFile; fileRef = 1CCFB211290F4E8F00C76F86 /* Main.storyboard */; };
		1CCFB215290F4E9000C76F86 /* Assets.xcassets in Resources */ = {isa = PBXBuildFile; fileRef = 1CCFB214290F4E9000C76F86 /* Assets.xcassets */; };
		1CCFB218290F4E9000C76F86 /* LaunchScreen.storyboard in Resources */ = {isa = PBXBuildFile; fileRef = 1CCFB216290F4E9000C76F86 /* LaunchScreen.storyboard */; };
		1CCFB223290F4E9000C76F86 /* Midterm_Shopping_ListTests.swift in Sources */ = {isa = PBXBuildFile; fileRef = 1CCFB222290F4E9000C76F86 /* Midterm_Shopping_ListTests.swift */; };
		1CCFB22D290F4E9000C76F86 /* Midterm_Shopping_ListUITests.swift in Sources */ = {isa = PBXBuildFile; fileRef = 1CCFB22C290F4E9000C76F86 /* Midterm_Shopping_ListUITests.swift */; };
		1CCFB22F290F4E9000C76F86 /* Midterm_Shopping_ListUITestsLaunchTests.swift in Sources */ = {isa = PBXBuildFile; fileRef = 1CCFB22E290F4E9000C76F86 /* Midterm_Shopping_ListUITestsLaunchTests.swift */; };
/* End PBXBuildFile section */

/* Begin PBXContainerItemProxy section */
		1CCFB21F290F4E9000C76F86 /* PBXContainerItemProxy */ = {
			isa = PBXContainerItemProxy;
			containerPortal = 1CCFB200290F4E8F00C76F86 /* Project object */;
			proxyType = 1;
			remoteGlobalIDString = 1CCFB207290F4E8F00C76F86;
			remoteInfo = Midterm_Shopping_List;
		};
		1CCFB229290F4E9000C76F86 /* PBXContainerItemProxy */ = {
			isa = PBXContainerItemProxy;
			containerPortal = 1CCFB200290F4E8F00C76F86 /* Project object */;
			proxyType = 1;
			remoteGlobalIDString = 1CCFB207290F4E8F00C76F86;
			remoteInfo = Midterm_Shopping_List;
		};
/* End PBXContainerItemProxy section */

/* Begin PBXFileReference section */
		1CCFB208290F4E8F00C76F86 /* Midterm_Shopping_List.app */ = {isa = PBXFileReference; explicitFileType = wrapper.application; includeInIndex = 0; path = Midterm_Shopping_List.app; sourceTree = BUILT_PRODUCTS_DIR; };
		1CCFB20B290F4E8F00C76F86 /* AppDelegate.swift */ = {isa = PBXFileReference; lastKnownFileType = sourcecode.swift; path = AppDelegate.swift; sourceTree = "<group>"; };
		1CCFB20D290F4E8F00C76F86 /* SceneDelegate.swift */ = {isa = PBXFileReference; lastKnownFileType = sourcecode.swift; path = SceneDelegate.swift; sourceTree = "<group>"; };
		1CCFB20F290F4E8F00C76F86 /* ViewController.swift */ = {isa = PBXFileReference; lastKnownFileType = sourcecode.swift; path = ViewController.swift; sourceTree = "<group>"; };
		1CCFB212290F4E8F00C76F86 /* Base */ = {isa = PBXFileReference; lastKnownFileType = file.storyboard; name = Base; path = Base.lproj/Main.storyboard; sourceTree = "<group>"; };
		1CCFB214290F4E9000C76F86 /* Assets.xcassets */ = {isa = PBXFileReference; lastKnownFileType = folder.assetcatalog; path = Assets.xcassets; sourceTree = "<group>"; };
		1CCFB217290F4E9000C76F86 /* Base */ = {isa = PBXFileReference; lastKnownFileType = file.storyboard; name = Base; path = Base.lproj/LaunchScreen.storyboard; sourceTree = "<group>"; };
		1CCFB219290F4E9000C76F86 /* Info.plist */ = {isa = PBXFileReference; lastKnownFileType = text.plist.xml; path = Info.plist; sourceTree = "<group>"; };
		1CCFB21E290F4E9000C76F86 /* Midterm_Shopping_ListTests.xctest */ = {isa = PBXFileReference; explicitFileType = wrapper.cfbundle; includeInIndex = 0; path = Midterm_Shopping_ListTests.xctest; sourceTree = BUILT_PRODUCTS_DIR; };
		1CCFB222290F4E9000C76F86 /* Midterm_Shopping_ListTests.swift */ = {isa = PBXFileReference; lastKnownFileType = sourcecode.swift; path = Midterm_Shopping_ListTests.swift; sourceTree = "<group>"; };
		1CCFB228290F4E9000C76F86 /* Midterm_Shopping_ListUITests.xctest */ = {isa = PBXFileReference; explicitFileType = wrapper.cfbundle; includeInIndex = 0; path = Midterm_Shopping_ListUITests.xctest; sourceTree = BUILT_PRODUCTS_DIR; };
		1CCFB22C290F4E9000C76F86 /* Midterm_Shopping_ListUITests.swift */ = {isa = PBXFileReference; lastKnownFileType = sourcecode.swift; path = Midterm_Shopping_ListUITests.swift; sourceTree = "<group>"; };
		1CCFB22E290F4E9000C76F86 /* Midterm_Shopping_ListUITestsLaunchTests.swift */ = {isa = PBXFileReference; lastKnownFileType = sourcecode.swift; path = Midterm_Shopping_ListUITestsLaunchTests.swift; sourceTree = "<group>"; };
/* End PBXFileReference section */

/* Begin PBXFrameworksBuildPhase section */
		1CCFB205290F4E8F00C76F86 /* Frameworks */ = {
			isa = PBXFrameworksBuildPhase;
			buildActionMask = 2147483647;
			files = (
			);
			runOnlyForDeploymentPostprocessing = 0;
		};
		1CCFB21B290F4E9000C76F86 /* Frameworks */ = {
			isa = PBXFrameworksBuildPhase;
			buildActionMask = 2147483647;
			files = (
			);
			runOnlyForDeploymentPostprocessing = 0;
		};
		1CCFB225290F4E9000C76F86 /* Frameworks */ = {
			isa = PBXFrameworksBuildPhase;
			buildActionMask = 2147483647;
			files = (
			);
			runOnlyForDeploymentPostprocessing = 0;
		};
/* End PBXFrameworksBuildPhase section */

/* Begin PBXGroup section */
		1CCFB1FF290F4E8F00C76F86 = {
			isa = PBXGroup;
			children = (
				1CCFB20A290F4E8F00C76F86 /* Midterm_Shopping_List */,
				1CCFB221290F4E9000C76F86 /* Midterm_Shopping_ListTests */,
				1CCFB22B290F4E9000C76F86 /* Midterm_Shopping_ListUITests */,
				1CCFB209290F4E8F00C76F86 /* Products */,
			);
			sourceTree = "<group>";
		};
		1CCFB209290F4E8F00C76F86 /* Products */ = {
			isa = PBXGroup;
			children = (
				1CCFB208290F4E8F00C76F86 /* Midterm_Shopping_List.app */,
				1CCFB21E290F4E9000C76F86 /* Midterm_Shopping_ListTests.xctest */,
				1CCFB228290F4E9000C76F86 /* Midterm_Shopping_ListUITests.xctest */,
			);
			name = Products;
			sourceTree = "<group>";
		};
		1CCFB20A290F4E8F00C76F86 /* Midterm_Shopping_List */ = {
			isa = PBXGroup;
			children = (
				1CCFB20B290F4E8F00C76F86 /* AppDelegate.swift */,
				1CCFB20D290F4E8F00C76F86 /* SceneDelegate.swift */,
				1CCFB20F290F4E8F00C76F86 /* ViewController.swift */,
				1CCFB211290F4E8F00C76F86 /* Main.storyboard */,
				1CCFB214290F4E9000C76F86 /* Assets.xcassets */,
				1CCFB216290F4E9000C76F86 /* LaunchScreen.storyboard */,
				1CCFB219290F4E9000C76F86 /* Info.plist */,
			);
			path = Midterm_Shopping_List;
			sourceTree = "<group>";
		};
		1CCFB221290F4E9000C76F86 /* Midterm_Shopping_ListTests */ = {
			isa = PBXGroup;
			children = (
				1CCFB222290F4E9000C76F86 /* Midterm_Shopping_ListTests.swift */,
			);
			path = Midterm_Shopping_ListTests;
			sourceTree = "<group>";
		};
		1CCFB22B290F4E9000C76F86 /* Midterm_Shopping_ListUITests */ = {
			isa = PBXGroup;
			children = (
				1CCFB22C290F4E9000C76F86 /* Midterm_Shopping_ListUITests.swift */,
				1CCFB22E290F4E9000C76F86 /* Midterm_Shopping_ListUITestsLaunchTests.swift */,
			);
			path = Midterm_Shopping_ListUITests;
			sourceTree = "<group>";
		};
/* End PBXGroup section */

/* Begin PBXNativeTarget section */
		1CCFB207290F4E8F00C76F86 /* Midterm_Shopping_List */ = {
			isa = PBXNativeTarget;
			buildConfigurationList = 1CCFB232290F4E9000C76F86 /* Build configuration list for PBXNativeTarget "Midterm_Shopping_List" */;
			buildPhases = (
				1CCFB204290F4E8F00C76F86 /* Sources */,
				1CCFB205290F4E8F00C76F86 /* Frameworks */,
				1CCFB206290F4E8F00C76F86 /* Resources */,
			);
			buildRules = (
			);
			dependencies = (
			);
			name = Midterm_Shopping_List;
			productName = Midterm_Shopping_List;
			productReference = 1CCFB208290F4E8F00C76F86 /* Midterm_Shopping_List.app */;
			productType = "com.apple.product-type.application";
		};
		1CCFB21D290F4E9000C76F86 /* Midterm_Shopping_ListTests */ = {
			isa = PBXNativeTarget;
			buildConfigurationList = 1CCFB235290F4E9000C76F86 /* Build configuration list for PBXNativeTarget "Midterm_Shopping_ListTests" */;
			buildPhases = (
				1CCFB21A290F4E9000C76F86 /* Sources */,
				1CCFB21B290F4E9000C76F86 /* Frameworks */,
				1CCFB21C290F4E9000C76F86 /* Resources */,
			);
			buildRules = (
			);
			dependencies = (
				1CCFB220290F4E9000C76F86 /* PBXTargetDependency */,
			);
			name = Midterm_Shopping_ListTests;
			productName = Midterm_Shopping_ListTests;
			productReference = 1CCFB21E290F4E9000C76F86 /* Midterm_Shopping_ListTests.xctest */;
			productType = "com.apple.product-type.bundle.unit-test";
		};
		1CCFB227290F4E9000C76F86 /* Midterm_Shopping_ListUITests */ = {
			isa = PBXNativeTarget;
			buildConfigurationList = 1CCFB238290F4E9000C76F86 /* Build configuration list for PBXNativeTarget "Midterm_Shopping_ListUITests" */;
			buildPhases = (
				1CCFB224290F4E9000C76F86 /* Sources */,
				1CCFB225290F4E9000C76F86 /* Frameworks */,
				1CCFB226290F4E9000C76F86 /* Resources */,
			);
			buildRules = (
			);
			dependencies = (
				1CCFB22A290F4E9000C76F86 /* PBXTargetDependency */,
			);
			name = Midterm_Shopping_ListUITests;
			productName = Midterm_Shopping_ListUITests;
			productReference = 1CCFB228290F4E9000C76F86 /* Midterm_Shopping_ListUITests.xctest */;
			productType = "com.apple.product-type.bundle.ui-testing";
		};
/* End PBXNativeTarget section */

/* Begin PBXProject section */
		1CCFB200290F4E8F00C76F86 /* Project object */ = {
			isa = PBXProject;
			attributes = {
				BuildIndependentTargetsInParallel = 1;
				LastSwiftUpdateCheck = 1400;
				LastUpgradeCheck = 1400;
				TargetAttributes = {
					1CCFB207290F4E8F00C76F86 = {
						CreatedOnToolsVersion = 14.0;
					};
					1CCFB21D290F4E9000C76F86 = {
						CreatedOnToolsVersion = 14.0;
						TestTargetID = 1CCFB207290F4E8F00C76F86;
					};
					1CCFB227290F4E9000C76F86 = {
						CreatedOnToolsVersion = 14.0;
						TestTargetID = 1CCFB207290F4E8F00C76F86;
					};
				};
			};
			buildConfigurationList = 1CCFB203290F4E8F00C76F86 /* Build configuration list for PBXProject "Midterm_Shopping_List" */;
			compatibilityVersion = "Xcode 14.0";
			developmentRegion = en;
			hasScannedForEncodings = 0;
			knownRegions = (
				en,
				Base,
			);
			mainGroup = 1CCFB1FF290F4E8F00C76F86;
			productRefGroup = 1CCFB209290F4E8F00C76F86 /* Products */;
			projectDirPath = "";
			projectRoot = "";
			targets = (
				1CCFB207290F4E8F00C76F86 /* Midterm_Shopping_List */,
				1CCFB21D290F4E9000C76F86 /* Midterm_Shopping_ListTests */,
				1CCFB227290F4E9000C76F86 /* Midterm_Shopping_ListUITests */,
			);
		};
/* End PBXProject section */

/* Begin PBXResourcesBuildPhase section */
		1CCFB206290F4E8F00C76F86 /* Resources */ = {
			isa = PBXResourcesBuildPhase;
			buildActionMask = 2147483647;
			files = (
				1CCFB218290F4E9000C76F86 /* LaunchScreen.storyboard in Resources */,
				1CCFB215290F4E9000C76F86 /* Assets.xcassets in Resources */,
				1CCFB213290F4E8F00C76F86 /* Main.storyboard in Resources */,
			);
			runOnlyForDeploymentPostprocessing = 0;
		};
		1CCFB21C290F4E9000C76F86 /* Resources */ = {
			isa = PBXResourcesBuildPhase;
			buildActionMask = 2147483647;
			files = (
			);
			runOnlyForDeploymentPostprocessing = 0;
		};
		1CCFB226290F4E9000C76F86 /* Resources */ = {
			isa = PBXResourcesBuildPhase;
			buildActionMask = 2147483647;
			files = (
			);
			runOnlyForDeploymentPostprocessing = 0;
		};
/* End PBXResourcesBuildPhase section */

/* Begin PBXSourcesBuildPhase section */
		1CCFB204290F4E8F00C76F86 /* Sources */ = {
			isa = PBXSourcesBuildPhase;
			buildActionMask = 2147483647;
			files = (
				1CCFB210290F4E8F00C76F86 /* ViewController.swift in Sources */,
				1CCFB20C290F4E8F00C76F86 /* AppDelegate.swift in Sources */,
				1CCFB20E290F4E8F00C76F86 /* SceneDelegate.swift in Sources */,
			);
			runOnlyForDeploymentPostprocessing = 0;
		};
		1CCFB21A290F4E9000C76F86 /* Sources */ = {
			isa = PBXSourcesBuildPhase;
			buildActionMask = 2147483647;
			files = (
				1CCFB223290F4E9000C76F86 /* Midterm_Shopping_ListTests.swift in Sources */,
			);
			runOnlyForDeploymentPostprocessing = 0;
		};
		1CCFB224290F4E9000C76F86 /* Sources */ = {
			isa = PBXSourcesBuildPhase;
			buildActionMask = 2147483647;
			files = (
				1CCFB22D290F4E9000C76F86 /* Midterm_Shopping_ListUITests.swift in Sources */,
				1CCFB22F290F4E9000C76F86 /* Midterm_Shopping_ListUITestsLaunchTests.swift in Sources */,
			);
			runOnlyForDeploymentPostprocessing = 0;
		};
/* End PBXSourcesBuildPhase section */

/* Begin PBXTargetDependency section */
		1CCFB220290F4E9000C76F86 /* PBXTargetDependency */ = {
			isa = PBXTargetDependency;
			target = 1CCFB207290F4E8F00C76F86 /* Midterm_Shopping_List */;
			targetProxy = 1CCFB21F290F4E9000C76F86 /* PBXContainerItemProxy */;
		};
		1CCFB22A290F4E9000C76F86 /* PBXTargetDependency */ = {
			isa = PBXTargetDependency;
			target = 1CCFB207290F4E8F00C76F86 /* Midterm_Shopping_List */;
			targetProxy = 1CCFB229290F4E9000C76F86 /* PBXContainerItemProxy */;
		};
/* End PBXTargetDependency section */

/* Begin PBXVariantGroup section */
		1CCFB211290F4E8F00C76F86 /* Main.storyboard */ = {
			isa = PBXVariantGroup;
			children = (
				1CCFB212290F4E8F00C76F86 /* Base */,
			);
			name = Main.storyboard;
			sourceTree = "<group>";
		};
		1CCFB216290F4E9000C76F86 /* LaunchScreen.storyboard */ = {
			isa = PBXVariantGroup;
			children = (
				1CCFB217290F4E9000C76F86 /* Base */,
			);
			name = LaunchScreen.storyboard;
			sourceTree = "<group>";
		};
/* End PBXVariantGroup section */

/* Begin XCBuildConfiguration section */
		1CCFB230290F4E9000C76F86 /* Debug */ = {
			isa = XCBuildConfiguration;
			buildSettings = {
				ALWAYS_SEARCH_USER_PATHS = NO;
				CLANG_ANALYZER_NONNULL = YES;
				CLANG_ANALYZER_NUMBER_OBJECT_CONVERSION = YES_AGGRESSIVE;
				CLANG_CXX_LANGUAGE_STANDARD = "gnu++20";
				CLANG_ENABLE_MODULES = YES;
				CLANG_ENABLE_OBJC_ARC = YES;
				CLANG_ENABLE_OBJC_WEAK = YES;
				CLANG_WARN_BLOCK_CAPTURE_AUTORELEASING = YES;
				CLANG_WARN_BOOL_CONVERSION = YES;
				CLANG_WARN_COMMA = YES;
				CLANG_WARN_CONSTANT_CONVERSION = YES;
				CLANG_WARN_DEPRECATED_OBJC_IMPLEMENTATIONS = YES;
				CLANG_WARN_DIRECT_OBJC_ISA_USAGE = YES_ERROR;
				CLANG_WARN_DOCUMENTATION_COMMENTS = YES;
				CLANG_WARN_EMPTY_BODY = YES;
				CLANG_WARN_ENUM_CONVERSION = YES;
				CLANG_WARN_INFINITE_RECURSION = YES;
				CLANG_WARN_INT_CONVERSION = YES;
				CLANG_WARN_NON_LITERAL_NULL_CONVERSION = YES;
				CLANG_WARN_OBJC_IMPLICIT_RETAIN_SELF = YES;
				CLANG_WARN_OBJC_LITERAL_CONVERSION = YES;
				CLANG_WARN_OBJC_ROOT_CLASS = YES_ERROR;
				CLANG_WARN_QUOTED_INCLUDE_IN_FRAMEWORK_HEADER = YES;
				CLANG_WARN_RANGE_LOOP_ANALYSIS = YES;
				CLANG_WARN_STRICT_PROTOTYPES = YES;
				CLANG_WARN_SUSPICIOUS_MOVE = YES;
				CLANG_WARN_UNGUARDED_AVAILABILITY = YES_AGGRESSIVE;
				CLANG_WARN_UNREACHABLE_CODE = YES;
				CLANG_WARN__DUPLICATE_METHOD_MATCH = YES;
				COPY_PHASE_STRIP = NO;
				DEBUG_INFORMATION_FORMAT = dwarf;
				ENABLE_STRICT_OBJC_MSGSEND = YES;
				ENABLE_TESTABILITY = YES;
				GCC_C_LANGUAGE_STANDARD = gnu11;
				GCC_DYNAMIC_NO_PIC = NO;
				GCC_NO_COMMON_BLOCKS = YES;
				GCC_OPTIMIZATION_LEVEL = 0;
				GCC_PREPROCESSOR_DEFINITIONS = (
					"DEBUG=1",
					"$(inherited)",
				);
				GCC_WARN_64_TO_32_BIT_CONVERSION = YES;
				GCC_WARN_ABOUT_RETURN_TYPE = YES_ERROR;
				GCC_WARN_UNDECLARED_SELECTOR = YES;
				GCC_WARN_UNINITIALIZED_AUTOS = YES_AGGRESSIVE;
				GCC_WARN_UNUSED_FUNCTION = YES;
				GCC_WARN_UNUSED_VARIABLE = YES;
				IPHONEOS_DEPLOYMENT_TARGET = 16.0;
				MTL_ENABLE_DEBUG_INFO = INCLUDE_SOURCE;
				MTL_FAST_MATH = YES;
				ONLY_ACTIVE_ARCH = YES;
				SDKROOT = iphoneos;
				SWIFT_ACTIVE_COMPILATION_CONDITIONS = DEBUG;
				SWIFT_OPTIMIZATION_LEVEL = "-Onone";
			};
			name = Debug;
		};
		1CCFB231290F4E9000C76F86 /* Release */ = {
			isa = XCBuildConfiguration;
			buildSettings = {
				ALWAYS_SEARCH_USER_PATHS = NO;
				CLANG_ANALYZER_NONNULL = YES;
				CLANG_ANALYZER_NUMBER_OBJECT_CONVERSION = YES_AGGRESSIVE;
				CLANG_CXX_LANGUAGE_STANDARD = "gnu++20";
				CLANG_ENABLE_MODULES = YES;
				CLANG_ENABLE_OBJC_ARC = YES;
				CLANG_ENABLE_OBJC_WEAK = YES;
				CLANG_WARN_BLOCK_CAPTURE_AUTORELEASING = YES;
				CLANG_WARN_BOOL_CONVERSION = YES;
				CLANG_WARN_COMMA = YES;
				CLANG_WARN_CONSTANT_CONVERSION = YES;
				CLANG_WARN_DEPRECATED_OBJC_IMPLEMENTATIONS = YES;
				CLANG_WARN_DIRECT_OBJC_ISA_USAGE = YES_ERROR;
				CLANG_WARN_DOCUMENTATION_COMMENTS = YES;
				CLANG_WARN_EMPTY_BODY = YES;
				CLANG_WARN_ENUM_CONVERSION = YES;
				CLANG_WARN_INFINITE_RECURSION = YES;
				CLANG_WARN_INT_CONVERSION = YES;
				CLANG_WARN_NON_LITERAL_NULL_CONVERSION = YES;
				CLANG_WARN_OBJC_IMPLICIT_RETAIN_SELF = YES;
				CLANG_WARN_OBJC_LITERAL_CONVERSION = YES;
				CLANG_WARN_OBJC_ROOT_CLASS = YES_ERROR;
				CLANG_WARN_QUOTED_INCLUDE_IN_FRAMEWORK_HEADER = YES;
				CLANG_WARN_RANGE_LOOP_ANALYSIS = YES;
				CLANG_WARN_STRICT_PROTOTYPES = YES;
				CLANG_WARN_SUSPICIOUS_MOVE = YES;
				CLANG_WARN_UNGUARDED_AVAILABILITY = YES_AGGRESSIVE;
				CLANG_WARN_UNREACHABLE_CODE = YES;
				CLANG_WARN__DUPLICATE_METHOD_MATCH = YES;
				COPY_PHASE_STRIP = NO;
				DEBUG_INFORMATION_FORMAT = "dwarf-with-dsym";
				ENABLE_NS_ASSERTIONS = NO;
				ENABLE_STRICT_OBJC_MSGSEND = YES;
				GCC_C_LANGUAGE_STANDARD = gnu11;
				GCC_NO_COMMON_BLOCKS = YES;
				GCC_WARN_64_TO_32_BIT_CONVERSION = YES;
				GCC_WARN_ABOUT_RETURN_TYPE = YES_ERROR;
				GCC_WARN_UNDECLARED_SELECTOR = YES;
				GCC_WARN_UNINITIALIZED_AUTOS = YES_AGGRESSIVE;
				GCC_WARN_UNUSED_FUNCTION = YES;
				GCC_WARN_UNUSED_VARIABLE = YES;
				IPHONEOS_DEPLOYMENT_TARGET = 16.0;
				MTL_ENABLE_DEBUG_INFO = NO;
				MTL_FAST_MATH = YES;
				SDKROOT = iphoneos;
				SWIFT_COMPILATION_MODE = wholemodule;
				SWIFT_OPTIMIZATION_LEVEL = "-O";
				VALIDATE_PRODUCT = YES;
			};
			name = Release;
		};
		1CCFB233290F4E9000C76F86 /* Debug */ = {
			isa = XCBuildConfiguration;
			buildSettings = {
				ASSETCATALOG_COMPILER_APPICON_NAME = AppIcon;
				ASSETCATALOG_COMPILER_GLOBAL_ACCENT_COLOR_NAME = AccentColor;
				CODE_SIGN_STYLE = Automatic;
				CURRENT_PROJECT_VERSION = 1;
				DEVELOPMENT_TEAM = J93PURXLXK;
				GENERATE_INFOPLIST_FILE = YES;
				INFOPLIST_FILE = Midterm_Shopping_List/Info.plist;
				INFOPLIST_KEY_CFBundleDisplayName = "Shopping List";
				INFOPLIST_KEY_LSApplicationCategoryType = "public.app-category.productivity";
				INFOPLIST_KEY_UIApplicationSupportsIndirectInputEvents = YES;
				INFOPLIST_KEY_UILaunchStoryboardName = LaunchScreen;
				INFOPLIST_KEY_UIMainStoryboardFile = Main;
				INFOPLIST_KEY_UISupportedInterfaceOrientations = "UIInterfaceOrientationLandscapeLeft UIInterfaceOrientationLandscapeRight UIInterfaceOrientationPortrait";
				INFOPLIST_KEY_UISupportedInterfaceOrientations_iPad = "UIInterfaceOrientationLandscapeLeft UIInterfaceOrientationLandscapeRight UIInterfaceOrientationPortrait UIInterfaceOrientationPortraitUpsideDown";
				LD_RUNPATH_SEARCH_PATHS = (
					"$(inherited)",
					"@executable_path/Frameworks",
				);
				MARKETING_VERSION = 1.0;
				PRODUCT_BUNDLE_IDENTIFIER = "org.technobyte.Midterm-Shopping-List";
				PRODUCT_NAME = "$(TARGET_NAME)";
				SUPPORTED_PLATFORMS = "iphoneos iphonesimulator";
				SUPPORTS_MACCATALYST = NO;
				SUPPORTS_MAC_DESIGNED_FOR_IPHONE_IPAD = NO;
				SWIFT_EMIT_LOC_STRINGS = YES;
				SWIFT_VERSION = 5.0;
				TARGETED_DEVICE_FAMILY = 1;
			};
			name = Debug;
		};
		1CCFB234290F4E9000C76F86 /* Release */ = {
			isa = XCBuildConfiguration;
			buildSettings = {
				ASSETCATALOG_COMPILER_APPICON_NAME = AppIcon;
				ASSETCATALOG_COMPILER_GLOBAL_ACCENT_COLOR_NAME = AccentColor;
				CODE_SIGN_STYLE = Automatic;
				CURRENT_PROJECT_VERSION = 1;
				DEVELOPMENT_TEAM = J93PURXLXK;
				GENERATE_INFOPLIST_FILE = YES;
				INFOPLIST_FILE = Midterm_Shopping_List/Info.plist;
				INFOPLIST_KEY_CFBundleDisplayName = "Shopping List";
				INFOPLIST_KEY_LSApplicationCategoryType = "public.app-category.productivity";
				INFOPLIST_KEY_UIApplicationSupportsIndirectInputEvents = YES;
				INFOPLIST_KEY_UILaunchStoryboardName = LaunchScreen;
				INFOPLIST_KEY_UIMainStoryboardFile = Main;
				INFOPLIST_KEY_UISupportedInterfaceOrientations = "UIInterfaceOrientationLandscapeLeft UIInterfaceOrientationLandscapeRight UIInterfaceOrientationPortrait";
				INFOPLIST_KEY_UISupportedInterfaceOrientations_iPad = "UIInterfaceOrientationLandscapeLeft UIInterfaceOrientationLandscapeRight UIInterfaceOrientationPortrait UIInterfaceOrientationPortraitUpsideDown";
				LD_RUNPATH_SEARCH_PATHS = (
					"$(inherited)",
					"@executable_path/Frameworks",
				);
				MARKETING_VERSION = 1.0;
				PRODUCT_BUNDLE_IDENTIFIER = "org.technobyte.Midterm-Shopping-List";
				PRODUCT_NAME = "$(TARGET_NAME)";
				SUPPORTED_PLATFORMS = "iphoneos iphonesimulator";
				SUPPORTS_MACCATALYST = NO;
				SUPPORTS_MAC_DESIGNED_FOR_IPHONE_IPAD = NO;
				SWIFT_EMIT_LOC_STRINGS = YES;
				SWIFT_VERSION = 5.0;
				TARGETED_DEVICE_FAMILY = 1;
			};
			name = Release;
		};
		1CCFB236290F4E9000C76F86 /* Debug */ = {
			isa = XCBuildConfiguration;
			buildSettings = {
				ALWAYS_EMBED_SWIFT_STANDARD_LIBRARIES = YES;
				BUNDLE_LOADER = "$(TEST_HOST)";
				CODE_SIGN_STYLE = Automatic;
				CURRENT_PROJECT_VERSION = 1;
				DEVELOPMENT_TEAM = J93PURXLXK;
				GENERATE_INFOPLIST_FILE = YES;
				IPHONEOS_DEPLOYMENT_TARGET = 16.0;
				MARKETING_VERSION = 1.0;
				PRODUCT_BUNDLE_IDENTIFIER = "org.technobyte.Midterm-Shopping-ListTests";
				PRODUCT_NAME = "$(TARGET_NAME)";
				SWIFT_EMIT_LOC_STRINGS = NO;
				SWIFT_VERSION = 5.0;
				TARGETED_DEVICE_FAMILY = "1,2";
				TEST_HOST = "$(BUILT_PRODUCTS_DIR)/Midterm_Shopping_List.app/$(BUNDLE_EXECUTABLE_FOLDER_PATH)/Midterm_Shopping_List";
			};
			name = Debug;
		};
		1CCFB237290F4E9000C76F86 /* Release */ = {
			isa = XCBuildConfiguration;
			buildSettings = {
				ALWAYS_EMBED_SWIFT_STANDARD_LIBRARIES = YES;
				BUNDLE_LOADER = "$(TEST_HOST)";
				CODE_SIGN_STYLE = Automatic;
				CURRENT_PROJECT_VERSION = 1;
				DEVELOPMENT_TEAM = J93PURXLXK;
				GENERATE_INFOPLIST_FILE = YES;
				IPHONEOS_DEPLOYMENT_TARGET = 16.0;
				MARKETING_VERSION = 1.0;
				PRODUCT_BUNDLE_IDENTIFIER = "org.technobyte.Midterm-Shopping-ListTests";
				PRODUCT_NAME = "$(TARGET_NAME)";
				SWIFT_EMIT_LOC_STRINGS = NO;
				SWIFT_VERSION = 5.0;
				TARGETED_DEVICE_FAMILY = "1,2";
				TEST_HOST = "$(BUILT_PRODUCTS_DIR)/Midterm_Shopping_List.app/$(BUNDLE_EXECUTABLE_FOLDER_PATH)/Midterm_Shopping_List";
			};
			name = Release;
		};
		1CCFB239290F4E9000C76F86 /* Debug */ = {
			isa = XCBuildConfiguration;
			buildSettings = {
				ALWAYS_EMBED_SWIFT_STANDARD_LIBRARIES = YES;
				CODE_SIGN_STYLE = Automatic;
				CURRENT_PROJECT_VERSION = 1;
				DEVELOPMENT_TEAM = J93PURXLXK;
				GENERATE_INFOPLIST_FILE = YES;
				MARKETING_VERSION = 1.0;
				PRODUCT_BUNDLE_IDENTIFIER = "org.technobyte.Midterm-Shopping-ListUITests";
				PRODUCT_NAME = "$(TARGET_NAME)";
				SWIFT_EMIT_LOC_STRINGS = NO;
				SWIFT_VERSION = 5.0;
				TARGETED_DEVICE_FAMILY = "1,2";
				TEST_TARGET_NAME = Midterm_Shopping_List;
			};
			name = Debug;
		};
		1CCFB23A290F4E9000C76F86 /* Release */ = {
			isa = XCBuildConfiguration;
			buildSettings = {
				ALWAYS_EMBED_SWIFT_STANDARD_LIBRARIES = YES;
				CODE_SIGN_STYLE = Automatic;
				CURRENT_PROJECT_VERSION = 1;
				DEVELOPMENT_TEAM = J93PURXLXK;
				GENERATE_INFOPLIST_FILE = YES;
				MARKETING_VERSION = 1.0;
				PRODUCT_BUNDLE_IDENTIFIER = "org.technobyte.Midterm-Shopping-ListUITests";
				PRODUCT_NAME = "$(TARGET_NAME)";
				SWIFT_EMIT_LOC_STRINGS = NO;
				SWIFT_VERSION = 5.0;
				TARGETED_DEVICE_FAMILY = "1,2";
				TEST_TARGET_NAME = Midterm_Shopping_List;
			};
			name = Release;
		};
/* End XCBuildConfiguration section */

/* Begin XCConfigurationList section */
		1CCFB203290F4E8F00C76F86 /* Build configuration list for PBXProject "Midterm_Shopping_List" */ = {
			isa = XCConfigurationList;
			buildConfigurations = (
				1CCFB230290F4E9000C76F86 /* Debug */,
				1CCFB231290F4E9000C76F86 /* Release */,
			);
			defaultConfigurationIsVisible = 0;
			defaultConfigurationName = Release;
		};
		1CCFB232290F4E9000C76F86 /* Build configuration list for PBXNativeTarget "Midterm_Shopping_List" */ = {
			isa = XCConfigurationList;
			buildConfigurations = (
				1CCFB233290F4E9000C76F86 /* Debug */,
				1CCFB234290F4E9000C76F86 /* Release */,
			);
			defaultConfigurationIsVisible = 0;
			defaultConfigurationName = Release;
		};
		1CCFB235290F4E9000C76F86 /* Build configuration list for PBXNativeTarget "Midterm_Shopping_ListTests" */ = {
			isa = XCConfigurationList;
			buildConfigurations = (
				1CCFB236290F4E9000C76F86 /* Debug */,
				1CCFB237290F4E9000C76F86 /* Release */,
			);
			defaultConfigurationIsVisible = 0;
			defaultConfigurationName = Release;
		};
		1CCFB238290F4E9000C76F86 /* Build configuration list for PBXNativeTarget "Midterm_Shopping_ListUITests" */ = {
			isa = XCConfigurationList;
			buildConfigurations = (
				1CCFB239290F4E9000C76F86 /* Debug */,
				1CCFB23A290F4E9000C76F86 /* Release */,
			);
			defaultConfigurationIsVisible = 0;
			defaultConfigurationName = Release;
		};
/* End XCConfigurationList section */
	};
	rootObject = 1CCFB200290F4E8F00C76F86 /* Project object */;
}
